schema: '2.0'
stages:
  map:
    cmd: python -m data.mapping_classes
    deps:
    - path: data/mapping_classes.py
      hash: md5
      md5: 8778564a69de6d35a19e5984ba01e661
      size: 2726
    - path: data/raw
      hash: md5
      md5: 76fe71e316d2803dd2322b878d1e7290.dir
      size: 283067098
      nfiles: 103678
    outs:
    - path: data/processed
      hash: md5
      md5: cafbe16c47b9badbf8696bac3a2cc5c7.dir
      size: 283034729
      nfiles: 103678
  subset:
    cmd: python -m data.create_random_subset
    deps:
    - path: data/create_random_subset.py
      hash: md5
      md5: b79bf4548467c304854d8527d313a4b5
      size: 1961
    - path: data/processed
      hash: md5
      md5: cafbe16c47b9badbf8696bac3a2cc5c7.dir
      size: 283034729
      nfiles: 103678
    outs:
    - path: data/processed_subset
      hash: md5
      md5: 3f84701e29ef62ffc891d9a45187c8f3.dir
      size: 23548116
      nfiles: 8000
